
Microsoft Visual Studio Solution File, Format Version 12.00
Project("{FAE04EC0-301F-11D3-BF4B-00C04F79EFBC}") = "Password.Cracker.Cli", "Password.Cracker.Cli\Password.Cracker.Cli.csproj", "{5B155A7F-30D1-4FC5-BDFF-35920DAB907F}"
EndProject
Global
	GlobalSection(SolutionConfigurationPlatforms) = preSolution
		Debug|Any CPU = Debug|Any CPU
		Release|Any CPU = Release|Any CPU
	EndGlobalSection
	GlobalSection(ProjectConfigurationPlatforms) = postSolution
		{5B155A7F-30D1-4FC5-BDFF-35920DAB907F}.Debug|Any CPU.ActiveCfg = Debug|Any CPU
		{5B155A7F-30D1-4FC5-BDFF-35920DAB907F}.Debug|Any CPU.Build.0 = Debug|Any CPU
		{5B155A7F-30D1-4FC5-BDFF-35920DAB907F}.Release|Any CPU.ActiveCfg = Release|Any CPU
		{5B155A7F-30D1-4FC5-BDFF-35920DAB907F}.Release|Any CPU.Build.0 = Release|Any CPU
	EndGlobalSection
EndGlobal
